
Microsoft Visual Studio Solution File, Format Version 12.00
# Visual Studio Version 17
VisualStudioVersion = 17.2.32630.192
MinimumVisualStudioVersion = 10.0.40219.1
Project("{9A19103F-16F7-4668-BE54-9A1E7A4F7556}") = "R5T.L0028.Construction", "R5T.L0028.Construction\R5T.L0028.Construction.csproj", "{48A7ED68-135B-4374-9696-815DE3529FFF}"
EndProject
Project("{9A19103F-16F7-4668-BE54-9A1E7A4F7556}") = "R5T.L0028", "R5T.L0028\R5T.L0028.csproj", "{BBE956F5-3D19-474A-A84E-CCE6949CC260}"
EndProject
Project("{2150E333-8FDC-42A3-9474-1A3956D46DE8}") = "_Dependencies", "_Dependencies", "{19726A95-EB82-4A75-A77F-88FC64F04C1A}"
EndProject
Project("{9A19103F-16F7-4668-BE54-9A1E7A4F7556}") = "R5T.F0000", "..\..\R5T.F0000\source\R5T.F0000\R5T.F0000.csproj", "{DDF39DE3-ECE6-49B1-A2FF-0EFEBA06F4CF}"
EndProject
Project("{9A19103F-16F7-4668-BE54-9A1E7A4F7556}") = "R5T.F0002", "..\..\R5T.F0002\source\R5T.F0002\R5T.F0002.csproj", "{22F9B9CC-502A-4A02-BD3D-E2BB7E9DCFEA}"
EndProject
Project("{9A19103F-16F7-4668-BE54-9A1E7A4F7556}") = "R5T.F0040.F000", "..\..\R5T.F0040\source\R5T.F0040.F000\R5T.F0040.F000.csproj", "{F8398467-BC28-474F-B934-640F3BA14A00}"
EndProject
Project("{9A19103F-16F7-4668-BE54-9A1E7A4F7556}") = "R5T.NG0006", "..\..\R5T.NG0006\source\R5T.NG0006\R5T.NG0006.csproj", "{ACA6ECFD-1BCC-4349-A782-812051C88BA3}"
EndProject
Project("{9A19103F-16F7-4668-BE54-9A1E7A4F7556}") = "R5T.F0020", "..\..\R5T.F0020\source\R5T.F0020\R5T.F0020.csproj", "{1CDE96D2-0ECD-4F71-ADF0-3E131F7D3521}"
EndProject
Project("{9A19103F-16F7-4668-BE54-9A1E7A4F7556}") = "R5T.F0077", "..\..\R5T.F0077\source\R5T.F0077\R5T.F0077.csproj", "{728FE3A7-A0FA-444D-AC8B-58053A56081E}"
EndProject
Project("{9A19103F-16F7-4668-BE54-9A1E7A4F7556}") = "R5T.F0016.F001", "..\..\R5T.F0016\source\R5T.F0016.F001\R5T.F0016.F001.csproj", "{27B32F06-B671-4910-90B8-66C632C101E4}"
EndProject
Project("{9A19103F-16F7-4668-BE54-9A1E7A4F7556}") = "R5T.F0016", "..\..\R5T.F0016\source\R5T.F0016\R5T.F0016.csproj", "{51629F0C-F486-409B-B9E1-D037935B167A}"
EndProject
Project("{9A19103F-16F7-4668-BE54-9A1E7A4F7556}") = "R5T.F0026", "..\..\R5T.F0026\source\R5T.F0026\R5T.F0026.csproj", "{1D8404F0-0459-474F-AAA6-57CCE6F57362}"
EndProject
Project("{9A19103F-16F7-4668-BE54-9A1E7A4F7556}") = "R5T.F0027", "..\..\R5T.F0027\source\R5T.F0027\R5T.F0027.csproj", "{2075ACDD-9C21-4BE7-B877-AC09E6F900F9}"
EndProject
Project("{9A19103F-16F7-4668-BE54-9A1E7A4F7556}") = "R5T.F0076", "..\..\R5T.F0076\source\R5T.F0076\R5T.F0076.csproj", "{4E3877D9-32E0-493C-92F0-955F4E30405B}"
EndProject
Project("{9A19103F-16F7-4668-BE54-9A1E7A4F7556}") = "R5T.T0131", "..\..\R5T.T0131\source\R5T.T0131\R5T.T0131.csproj", "{C673DB49-D1A7-45F7-9D43-311FDCADD8C5}"
EndProject
Project("{9A19103F-16F7-4668-BE54-9A1E7A4F7556}") = "R5T.T0132", "..\..\R5T.T0132\source\R5T.T0132\R5T.T0132.csproj", "{3D598BB7-0A63-4ADD-8EEF-C374D212EAD9}"
EndProject
Project("{9A19103F-16F7-4668-BE54-9A1E7A4F7556}") = "R5T.T0142", "..\..\R5T.T0142\source\R5T.T0142\R5T.T0142.csproj", "{E8D59B9A-80CB-4518-8955-A1781D82C6F5}"
EndProject
Project("{9A19103F-16F7-4668-BE54-9A1E7A4F7556}") = "R5T.T0143", "..\..\R5T.T0143\source\R5T.T0143\R5T.T0143.csproj", "{840D13E2-C03A-4FD8-BFC7-2F3DD540F78F}"
EndProject
Project("{9A19103F-16F7-4668-BE54-9A1E7A4F7556}") = "R5T.T0152", "..\..\R5T.T0152\source\R5T.T0152\R5T.T0152.csproj", "{77108B7E-4060-4744-9934-40A33A9D77ED}"
EndProject
Project("{9A19103F-16F7-4668-BE54-9A1E7A4F7556}") = "R5T.Y0000", "..\..\R5T.Y0000\source\R5T.Y0000\R5T.Y0000.csproj", "{C58BB61A-E7ED-48BE-AD46-8DA9B7D7F62F}"
EndProject
Project("{9A19103F-16F7-4668-BE54-9A1E7A4F7556}") = "R5T.Z0000", "..\..\R5T.Z0000\source\R5T.Z0000\R5T.Z0000.csproj", "{1D61BD4E-8162-4926-BEE2-05C2B51207FF}"
EndProject
Project("{9A19103F-16F7-4668-BE54-9A1E7A4F7556}") = "R5T.Z0011", "..\..\R5T.Z0011\source\R5T.Z0011\R5T.Z0011.csproj", "{40F0CC51-32CA-4488-B180-4A15C90B23DF}"
EndProject
Global
	GlobalSection(NestedProjects) = preSolution
		{DDF39DE3-ECE6-49B1-A2FF-0EFEBA06F4CF} = {19726A95-EB82-4A75-A77F-88FC64F04C1A}
		{22F9B9CC-502A-4A02-BD3D-E2BB7E9DCFEA} = {19726A95-EB82-4A75-A77F-88FC64F04C1A}
		{F8398467-BC28-474F-B934-640F3BA14A00} = {19726A95-EB82-4A75-A77F-88FC64F04C1A}
		{ACA6ECFD-1BCC-4349-A782-812051C88BA3} = {19726A95-EB82-4A75-A77F-88FC64F04C1A}
		{1CDE96D2-0ECD-4F71-ADF0-3E131F7D3521} = {19726A95-EB82-4A75-A77F-88FC64F04C1A}
		{728FE3A7-A0FA-444D-AC8B-58053A56081E} = {19726A95-EB82-4A75-A77F-88FC64F04C1A}
		{27B32F06-B671-4910-90B8-66C632C101E4} = {19726A95-EB82-4A75-A77F-88FC64F04C1A}
		{51629F0C-F486-409B-B9E1-D037935B167A} = {19726A95-EB82-4A75-A77F-88FC64F04C1A}
		{1D8404F0-0459-474F-AAA6-57CCE6F57362} = {19726A95-EB82-4A75-A77F-88FC64F04C1A}
		{2075ACDD-9C21-4BE7-B877-AC09E6F900F9} = {19726A95-EB82-4A75-A77F-88FC64F04C1A}
		{4E3877D9-32E0-493C-92F0-955F4E30405B} = {19726A95-EB82-4A75-A77F-88FC64F04C1A}
		{C673DB49-D1A7-45F7-9D43-311FDCADD8C5} = {19726A95-EB82-4A75-A77F-88FC64F04C1A}
		{3D598BB7-0A63-4ADD-8EEF-C374D212EAD9} = {19726A95-EB82-4A75-A77F-88FC64F04C1A}
		{E8D59B9A-80CB-4518-8955-A1781D82C6F5} = {19726A95-EB82-4A75-A77F-88FC64F04C1A}
		{840D13E2-C03A-4FD8-BFC7-2F3DD540F78F} = {19726A95-EB82-4A75-A77F-88FC64F04C1A}
		{77108B7E-4060-4744-9934-40A33A9D77ED} = {19726A95-EB82-4A75-A77F-88FC64F04C1A}
		{C58BB61A-E7ED-48BE-AD46-8DA9B7D7F62F} = {19726A95-EB82-4A75-A77F-88FC64F04C1A}
		{1D61BD4E-8162-4926-BEE2-05C2B51207FF} = {19726A95-EB82-4A75-A77F-88FC64F04C1A}
		{40F0CC51-32CA-4488-B180-4A15C90B23DF} = {19726A95-EB82-4A75-A77F-88FC64F04C1A}
	EndGlobalSection
	GlobalSection(SolutionConfigurationPlatforms) = preSolution
		Debug|Any CPU = Debug|Any CPU
		Release|Any CPU = Release|Any CPU
	EndGlobalSection
	GlobalSection(ProjectConfigurationPlatforms) = postSolution
		{48A7ED68-135B-4374-9696-815DE3529FFF}.Debug|Any CPU.ActiveCfg = Debug|Any CPU
		{48A7ED68-135B-4374-9696-815DE3529FFF}.Debug|Any CPU.Build.0 = Debug|Any CPU
		{48A7ED68-135B-4374-9696-815DE3529FFF}.Release|Any CPU.ActiveCfg = Release|Any CPU
		{48A7ED68-135B-4374-9696-815DE3529FFF}.Release|Any CPU.Build.0 = Release|Any CPU
		{BBE956F5-3D19-474A-A84E-CCE6949CC260}.Debug|Any CPU.ActiveCfg = Debug|Any CPU
		{BBE956F5-3D19-474A-A84E-CCE6949CC260}.Debug|Any CPU.Build.0 = Debug|Any CPU
		{BBE956F5-3D19-474A-A84E-CCE6949CC260}.Release|Any CPU.ActiveCfg = Release|Any CPU
		{BBE956F5-3D19-474A-A84E-CCE6949CC260}.Release|Any CPU.Build.0 = Release|Any CPU
		{DDF39DE3-ECE6-49B1-A2FF-0EFEBA06F4CF}.Debug|Any CPU.ActiveCfg = Debug|Any CPU
		{DDF39DE3-ECE6-49B1-A2FF-0EFEBA06F4CF}.Debug|Any CPU.Build.0 = Debug|Any CPU
		{DDF39DE3-ECE6-49B1-A2FF-0EFEBA06F4CF}.Release|Any CPU.ActiveCfg = Release|Any CPU
		{DDF39DE3-ECE6-49B1-A2FF-0EFEBA06F4CF}.Release|Any CPU.Build.0 = Release|Any CPU
		{22F9B9CC-502A-4A02-BD3D-E2BB7E9DCFEA}.Debug|Any CPU.ActiveCfg = Debug|Any CPU
		{22F9B9CC-502A-4A02-BD3D-E2BB7E9DCFEA}.Debug|Any CPU.Build.0 = Debug|Any CPU
		{22F9B9CC-502A-4A02-BD3D-E2BB7E9DCFEA}.Release|Any CPU.ActiveCfg = Release|Any CPU
		{22F9B9CC-502A-4A02-BD3D-E2BB7E9DCFEA}.Release|Any CPU.Build.0 = Release|Any CPU
		{F8398467-BC28-474F-B934-640F3BA14A00}.Debug|Any CPU.ActiveCfg = Debug|Any CPU
		{F8398467-BC28-474F-B934-640F3BA14A00}.Debug|Any CPU.Build.0 = Debug|Any CPU
		{F8398467-BC28-474F-B934-640F3BA14A00}.Release|Any CPU.ActiveCfg = Release|Any CPU
		{F8398467-BC28-474F-B934-640F3BA14A00}.Release|Any CPU.Build.0 = Release|Any CPU
		{ACA6ECFD-1BCC-4349-A782-812051C88BA3}.Debug|Any CPU.ActiveCfg = Debug|Any CPU
		{ACA6ECFD-1BCC-4349-A782-812051C88BA3}.Debug|Any CPU.Build.0 = Debug|Any CPU
		{ACA6ECFD-1BCC-4349-A782-812051C88BA3}.Release|Any CPU.ActiveCfg = Release|Any CPU
		{ACA6ECFD-1BCC-4349-A782-812051C88BA3}.Release|Any CPU.Build.0 = Release|Any CPU
		{1CDE96D2-0ECD-4F71-ADF0-3E131F7D3521}.Debug|Any CPU.ActiveCfg = Debug|Any CPU
		{1CDE96D2-0ECD-4F71-ADF0-3E131F7D3521}.Debug|Any CPU.Build.0 = Debug|Any CPU
		{1CDE96D2-0ECD-4F71-ADF0-3E131F7D3521}.Release|Any CPU.ActiveCfg = Release|Any CPU
		{1CDE96D2-0ECD-4F71-ADF0-3E131F7D3521}.Release|Any CPU.Build.0 = Release|Any CPU
		{728FE3A7-A0FA-444D-AC8B-58053A56081E}.Debug|Any CPU.ActiveCfg = Debug|Any CPU
		{728FE3A7-A0FA-444D-AC8B-58053A56081E}.Debug|Any CPU.Build.0 = Debug|Any CPU
		{728FE3A7-A0FA-444D-AC8B-58053A56081E}.Release|Any CPU.ActiveCfg = Release|Any CPU
		{728FE3A7-A0FA-444D-AC8B-58053A56081E}.Release|Any CPU.Build.0 = Release|Any CPU
		{27B32F06-B671-4910-90B8-66C632C101E4}.Debug|Any CPU.ActiveCfg = Debug|Any CPU
		{27B32F06-B671-4910-90B8-66C632C101E4}.Debug|Any CPU.Build.0 = Debug|Any CPU
		{27B32F06-B671-4910-90B8-66C632C101E4}.Release|Any CPU.ActiveCfg = Release|Any CPU
		{27B32F06-B671-4910-90B8-66C632C101E4}.Release|Any CPU.Build.0 = Release|Any CPU
		{51629F0C-F486-409B-B9E1-D037935B167A}.Debug|Any CPU.ActiveCfg = Debug|Any CPU
		{51629F0C-F486-409B-B9E1-D037935B167A}.Debug|Any CPU.Build.0 = Debug|Any CPU
		{51629F0C-F486-409B-B9E1-D037935B167A}.Release|Any CPU.ActiveCfg = Release|Any CPU
		{51629F0C-F486-409B-B9E1-D037935B167A}.Release|Any CPU.Build.0 = Release|Any CPU
		{1D8404F0-0459-474F-AAA6-57CCE6F57362}.Debug|Any CPU.ActiveCfg = Debug|Any CPU
		{1D8404F0-0459-474F-AAA6-57CCE6F57362}.Debug|Any CPU.Build.0 = Debug|Any CPU
		{1D8404F0-0459-474F-AAA6-57CCE6F57362}.Release|Any CPU.ActiveCfg = Release|Any CPU
		{1D8404F0-0459-474F-AAA6-57CCE6F57362}.Release|Any CPU.Build.0 = Release|Any CPU
		{2075ACDD-9C21-4BE7-B877-AC09E6F900F9}.Debug|Any CPU.ActiveCfg = Debug|Any CPU
		{2075ACDD-9C21-4BE7-B877-AC09E6F900F9}.Debug|Any CPU.Build.0 = Debug|Any CPU
		{2075ACDD-9C21-4BE7-B877-AC09E6F900F9}.Release|Any CPU.ActiveCfg = Release|Any CPU
		{2075ACDD-9C21-4BE7-B877-AC09E6F900F9}.Release|Any CPU.Build.0 = Release|Any CPU
		{4E3877D9-32E0-493C-92F0-955F4E30405B}.Debug|Any CPU.ActiveCfg = Debug|Any CPU
		{4E3877D9-32E0-493C-92F0-955F4E30405B}.Debug|Any CPU.Build.0 = Debug|Any CPU
		{4E3877D9-32E0-493C-92F0-955F4E30405B}.Release|Any CPU.ActiveCfg = Release|Any CPU
		{4E3877D9-32E0-493C-92F0-955F4E30405B}.Release|Any CPU.Build.0 = Release|Any CPU
		{C673DB49-D1A7-45F7-9D43-311FDCADD8C5}.Debug|Any CPU.ActiveCfg = Debug|Any CPU
		{C673DB49-D1A7-45F7-9D43-311FDCADD8C5}.Debug|Any CPU.Build.0 = Debug|Any CPU
		{C673DB49-D1A7-45F7-9D43-311FDCADD8C5}.Release|Any CPU.ActiveCfg = Release|Any CPU
		{C673DB49-D1A7-45F7-9D43-311FDCADD8C5}.Release|Any CPU.Build.0 = Release|Any CPU
		{3D598BB7-0A63-4ADD-8EEF-C374D212EAD9}.Debug|Any CPU.ActiveCfg = Debug|Any CPU
		{3D598BB7-0A63-4ADD-8EEF-C374D212EAD9}.Debug|Any CPU.Build.0 = Debug|Any CPU
		{3D598BB7-0A63-4ADD-8EEF-C374D212EAD9}.Release|Any CPU.ActiveCfg = Release|Any CPU
		{3D598BB7-0A63-4ADD-8EEF-C374D212EAD9}.Release|Any CPU.Build.0 = Release|Any CPU
		{E8D59B9A-80CB-4518-8955-A1781D82C6F5}.Debug|Any CPU.ActiveCfg = Debug|Any CPU
		{E8D59B9A-80CB-4518-8955-A1781D82C6F5}.Debug|Any CPU.Build.0 = Debug|Any CPU
		{E8D59B9A-80CB-4518-8955-A1781D82C6F5}.Release|Any CPU.ActiveCfg = Release|Any CPU
		{E8D59B9A-80CB-4518-8955-A1781D82C6F5}.Release|Any CPU.Build.0 = Release|Any CPU
		{840D13E2-C03A-4FD8-BFC7-2F3DD540F78F}.Debug|Any CPU.ActiveCfg = Debug|Any CPU
		{840D13E2-C03A-4FD8-BFC7-2F3DD540F78F}.Debug|Any CPU.Build.0 = Debug|Any CPU
		{840D13E2-C03A-4FD8-BFC7-2F3DD540F78F}.Release|Any CPU.ActiveCfg = Release|Any CPU
		{840D13E2-C03A-4FD8-BFC7-2F3DD540F78F}.Release|Any CPU.Build.0 = Release|Any CPU
		{77108B7E-4060-4744-9934-40A33A9D77ED}.Debug|Any CPU.ActiveCfg = Debug|Any CPU
		{77108B7E-4060-4744-9934-40A33A9D77ED}.Debug|Any CPU.Build.0 = Debug|Any CPU
		{77108B7E-4060-4744-9934-40A33A9D77ED}.Release|Any CPU.ActiveCfg = Release|Any CPU
		{77108B7E-4060-4744-9934-40A33A9D77ED}.Release|Any CPU.Build.0 = Release|Any CPU
		{C58BB61A-E7ED-48BE-AD46-8DA9B7D7F62F}.Debug|Any CPU.ActiveCfg = Debug|Any CPU
		{C58BB61A-E7ED-48BE-AD46-8DA9B7D7F62F}.Debug|Any CPU.Build.0 = Debug|Any CPU
		{C58BB61A-E7ED-48BE-AD46-8DA9B7D7F62F}.Release|Any CPU.ActiveCfg = Release|Any CPU
		{C58BB61A-E7ED-48BE-AD46-8DA9B7D7F62F}.Release|Any CPU.Build.0 = Release|Any CPU
		{1D61BD4E-8162-4926-BEE2-05C2B51207FF}.Debug|Any CPU.ActiveCfg = Debug|Any CPU
		{1D61BD4E-8162-4926-BEE2-05C2B51207FF}.Debug|Any CPU.Build.0 = Debug|Any CPU
		{1D61BD4E-8162-4926-BEE2-05C2B51207FF}.Release|Any CPU.ActiveCfg = Release|Any CPU
		{1D61BD4E-8162-4926-BEE2-05C2B51207FF}.Release|Any CPU.Build.0 = Release|Any CPU
		{40F0CC51-32CA-4488-B180-4A15C90B23DF}.Debug|Any CPU.ActiveCfg = Debug|Any CPU
		{40F0CC51-32CA-4488-B180-4A15C90B23DF}.Debug|Any CPU.Build.0 = Debug|Any CPU
		{40F0CC51-32CA-4488-B180-4A15C90B23DF}.Release|Any CPU.ActiveCfg = Release|Any CPU
		{40F0CC51-32CA-4488-B180-4A15C90B23DF}.Release|Any CPU.Build.0 = Release|Any CPU
	EndGlobalSection
	GlobalSection(SolutionProperties) = preSolution
		HideSolutionNode = FALSE
	EndGlobalSection
	GlobalSection(ExtensibilityGlobals) = postSolution
		SolutionGuid = {0E4B011A-08AA-4531-AA1F-876FC5893547}
	EndGlobalSection
EndGlobal
